
Microsoft Visual Studio Solution File, Format Version 12.00
# Visual Studio Version 17
VisualStudioVersion = 17.5.33414.496
MinimumVisualStudioVersion = 10.0.40219.1
Project("{9A19103F-16F7-4668-BE54-9A1E7A4F7556}") = "AlbertCollection.Application", "AlbertCollection.Application\AlbertCollection.Application.csproj", "{6716CCD7-DF0C-41E9-8EC5-45102802BCAA}"
EndProject
Project("{9A19103F-16F7-4668-BE54-9A1E7A4F7556}") = "AlbertCollection.Core", "AlbertCollection.Core\AlbertCollection.Core.csproj", "{46F2BA8E-AC7E-45B5-B8E3-C270F7880C98}"
EndProject
Project("{9A19103F-16F7-4668-BE54-9A1E7A4F7556}") = "AlbertCollection.Web.Core", "AlbertCollection.Web.Core\AlbertCollection.Web.Core.csproj", "{8EAFF20B-FF3E-41EB-AD2A-2AFDE4340A1E}"
EndProject
Project("{9A19103F-16F7-4668-BE54-9A1E7A4F7556}") = "AlbertCollection.Web.Rcl", "AlbertCollection.Web.Rcl\AlbertCollection.Web.Rcl.csproj", "{10ED8B5D-9CC2-41D3-B4AC-9CA5705C0E3F}"
EndProject
Project("{9A19103F-16F7-4668-BE54-9A1E7A4F7556}") = "AlbertCollection.Web.Rcl.Core", "AlbertCollection.Web.Rcl.Core\AlbertCollection.Web.Rcl.Core.csproj", "{F8F39B43-5901-4971-B621-AB4BD9CD41C0}"
EndProject
Project("{9A19103F-16F7-4668-BE54-9A1E7A4F7556}") = "AlbertCollection.Web.Server", "AlbertCollection.Web.Server\AlbertCollection.Web.Server.csproj", "{55B98DB2-92B0-4E04-9DE3-574684D3278D}"
EndProject
Project("{2150E333-8FDC-42A3-9474-1A3956D46DE8}") = "Git", "Git", "{817F210D-FFE7-457F-9D4C-FD8741228021}"
	ProjectSection(SolutionItems) = preProject
		..\..\.gitattributes = ..\..\.gitattributes
		..\..\.gitignore = ..\..\.gitignore
		..\..\LICENSE.txt = ..\..\LICENSE.txt
		..\..\README.md = ..\..\README.md
	EndProjectSection
EndProject
Project("{2150E333-8FDC-42A3-9474-1A3956D46DE8}") = "1. 入口层", "1. 入口层", "{CB32D8E3-50FC-4682-950C-F0F36E913D34}"
EndProject
Project("{2150E333-8FDC-42A3-9474-1A3956D46DE8}") = "3. 应用服务层", "3. 应用服务层", "{12B47E36-9E37-45DF-9788-33CF7A829D76}"
EndProject
Project("{2150E333-8FDC-42A3-9474-1A3956D46DE8}") = "4. 基础设施层", "4. 基础设施层", "{FB3A36BE-B93F-424F-B944-89978475B642}"
EndProject
Project("{2150E333-8FDC-42A3-9474-1A3956D46DE8}") = "2. UI 层", "2. UI 层", "{5115B23A-C57C-4C8E-A668-26D3599EB41E}"
EndProject
Global
	GlobalSection(SolutionConfigurationPlatforms) = preSolution
		Debug|Any CPU = Debug|Any CPU
		Debug|x86 = Debug|x86
		KINGVIEW|Any CPU = KINGVIEW|Any CPU
		KINGVIEW|x86 = KINGVIEW|x86
		Release|Any CPU = Release|Any CPU
		Release|x86 = Release|x86
	EndGlobalSection
	GlobalSection(ProjectConfigurationPlatforms) = postSolution
		{6716CCD7-DF0C-41E9-8EC5-45102802BCAA}.Debug|Any CPU.ActiveCfg = Debug|Any CPU
		{6716CCD7-DF0C-41E9-8EC5-45102802BCAA}.Debug|Any CPU.Build.0 = Debug|Any CPU
		{6716CCD7-DF0C-41E9-8EC5-45102802BCAA}.Debug|x86.ActiveCfg = Debug|x86
		{6716CCD7-DF0C-41E9-8EC5-45102802BCAA}.Debug|x86.Build.0 = Debug|x86
		{6716CCD7-DF0C-41E9-8EC5-45102802BCAA}.KINGVIEW|Any CPU.ActiveCfg = Release|Any CPU
		{6716CCD7-DF0C-41E9-8EC5-45102802BCAA}.KINGVIEW|Any CPU.Build.0 = Release|Any CPU
		{6716CCD7-DF0C-41E9-8EC5-45102802BCAA}.KINGVIEW|x86.ActiveCfg = Debug|x86
		{6716CCD7-DF0C-41E9-8EC5-45102802BCAA}.KINGVIEW|x86.Build.0 = Debug|x86
		{6716CCD7-DF0C-41E9-8EC5-45102802BCAA}.Release|Any CPU.ActiveCfg = Release|Any CPU
		{6716CCD7-DF0C-41E9-8EC5-45102802BCAA}.Release|Any CPU.Build.0 = Release|Any CPU
		{6716CCD7-DF0C-41E9-8EC5-45102802BCAA}.Release|x86.ActiveCfg = Release|x86
		{6716CCD7-DF0C-41E9-8EC5-45102802BCAA}.Release|x86.Build.0 = Release|x86
		{46F2BA8E-AC7E-45B5-B8E3-C270F7880C98}.Debug|Any CPU.ActiveCfg = Debug|Any CPU
		{46F2BA8E-AC7E-45B5-B8E3-C270F7880C98}.Debug|Any CPU.Build.0 = Debug|Any CPU
		{46F2BA8E-AC7E-45B5-B8E3-C270F7880C98}.Debug|x86.ActiveCfg = Debug|x86
		{46F2BA8E-AC7E-45B5-B8E3-C270F7880C98}.Debug|x86.Build.0 = Debug|x86
		{46F2BA8E-AC7E-45B5-B8E3-C270F7880C98}.KINGVIEW|Any CPU.ActiveCfg = Release|Any CPU
		{46F2BA8E-AC7E-45B5-B8E3-C270F7880C98}.KINGVIEW|Any CPU.Build.0 = Release|Any CPU
		{46F2BA8E-AC7E-45B5-B8E3-C270F7880C98}.KINGVIEW|x86.ActiveCfg = Debug|x86
		{46F2BA8E-AC7E-45B5-B8E3-C270F7880C98}.KINGVIEW|x86.Build.0 = Debug|x86
		{46F2BA8E-AC7E-45B5-B8E3-C270F7880C98}.Release|Any CPU.ActiveCfg = Release|Any CPU
		{46F2BA8E-AC7E-45B5-B8E3-C270F7880C98}.Release|Any CPU.Build.0 = Release|Any CPU
		{46F2BA8E-AC7E-45B5-B8E3-C270F7880C98}.Release|x86.ActiveCfg = Release|x86
		{46F2BA8E-AC7E-45B5-B8E3-C270F7880C98}.Release|x86.Build.0 = Release|x86
		{8EAFF20B-FF3E-41EB-AD2A-2AFDE4340A1E}.Debug|Any CPU.ActiveCfg = Debug|Any CPU
		{8EAFF20B-FF3E-41EB-AD2A-2AFDE4340A1E}.Debug|Any CPU.Build.0 = Debug|Any CPU
		{8EAFF20B-FF3E-41EB-AD2A-2AFDE4340A1E}.Debug|x86.ActiveCfg = Debug|x86
		{8EAFF20B-FF3E-41EB-AD2A-2AFDE4340A1E}.Debug|x86.Build.0 = Debug|x86
		{8EAFF20B-FF3E-41EB-AD2A-2AFDE4340A1E}.KINGVIEW|Any CPU.ActiveCfg = Release|Any CPU
		{8EAFF20B-FF3E-41EB-AD2A-2AFDE4340A1E}.KINGVIEW|Any CPU.Build.0 = Release|Any CPU
		{8EAFF20B-FF3E-41EB-AD2A-2AFDE4340A1E}.KINGVIEW|x86.ActiveCfg = Debug|x86
		{8EAFF20B-FF3E-41EB-AD2A-2AFDE4340A1E}.KINGVIEW|x86.Build.0 = Debug|x86
		{8EAFF20B-FF3E-41EB-AD2A-2AFDE4340A1E}.Release|Any CPU.ActiveCfg = Release|Any CPU
		{8EAFF20B-FF3E-41EB-AD2A-2AFDE4340A1E}.Release|Any CPU.Build.0 = Release|Any CPU
		{8EAFF20B-FF3E-41EB-AD2A-2AFDE4340A1E}.Release|x86.ActiveCfg = Release|x86
		{8EAFF20B-FF3E-41EB-AD2A-2AFDE4340A1E}.Release|x86.Build.0 = Release|x86
		{10ED8B5D-9CC2-41D3-B4AC-9CA5705C0E3F}.Debug|Any CPU.ActiveCfg = Debug|Any CPU
		{10ED8B5D-9CC2-41D3-B4AC-9CA5705C0E3F}.Debug|Any CPU.Build.0 = Debug|Any CPU
		{10ED8B5D-9CC2-41D3-B4AC-9CA5705C0E3F}.Debug|x86.ActiveCfg = Debug|x86
		{10ED8B5D-9CC2-41D3-B4AC-9CA5705C0E3F}.Debug|x86.Build.0 = Debug|x86
		{10ED8B5D-9CC2-41D3-B4AC-9CA5705C0E3F}.KINGVIEW|Any CPU.ActiveCfg = Release|Any CPU
		{10ED8B5D-9CC2-41D3-B4AC-9CA5705C0E3F}.KINGVIEW|Any CPU.Build.0 = Release|Any CPU
		{10ED8B5D-9CC2-41D3-B4AC-9CA5705C0E3F}.KINGVIEW|x86.ActiveCfg = Debug|x86
		{10ED8B5D-9CC2-41D3-B4AC-9CA5705C0E3F}.KINGVIEW|x86.Build.0 = Debug|x86
		{10ED8B5D-9CC2-41D3-B4AC-9CA5705C0E3F}.Release|Any CPU.ActiveCfg = Release|Any CPU
		{10ED8B5D-9CC2-41D3-B4AC-9CA5705C0E3F}.Release|Any CPU.Build.0 = Release|Any CPU
		{10ED8B5D-9CC2-41D3-B4AC-9CA5705C0E3F}.Release|x86.ActiveCfg = Release|x86
		{10ED8B5D-9CC2-41D3-B4AC-9CA5705C0E3F}.Release|x86.Build.0 = Release|x86
		{F8F39B43-5901-4971-B621-AB4BD9CD41C0}.Debug|Any CPU.ActiveCfg = Debug|Any CPU
		{F8F39B43-5901-4971-B621-AB4BD9CD41C0}.Debug|Any CPU.Build.0 = Debug|Any CPU
		{F8F39B43-5901-4971-B621-AB4BD9CD41C0}.Debug|x86.ActiveCfg = Debug|x86
		{F8F39B43-5901-4971-B621-AB4BD9CD41C0}.Debug|x86.Build.0 = Debug|x86
		{F8F39B43-5901-4971-B621-AB4BD9CD41C0}.KINGVIEW|Any CPU.ActiveCfg = Release|Any CPU
		{F8F39B43-5901-4971-B621-AB4BD9CD41C0}.KINGVIEW|Any CPU.Build.0 = Release|Any CPU
		{F8F39B43-5901-4971-B621-AB4BD9CD41C0}.KINGVIEW|x86.ActiveCfg = Debug|x86
		{F8F39B43-5901-4971-B621-AB4BD9CD41C0}.KINGVIEW|x86.Build.0 = Debug|x86
		{F8F39B43-5901-4971-B621-AB4BD9CD41C0}.Release|Any CPU.ActiveCfg = Release|Any CPU
		{F8F39B43-5901-4971-B621-AB4BD9CD41C0}.Release|Any CPU.Build.0 = Release|Any CPU
		{F8F39B43-5901-4971-B621-AB4BD9CD41C0}.Release|x86.ActiveCfg = Release|x86
		{F8F39B43-5901-4971-B621-AB4BD9CD41C0}.Release|x86.Build.0 = Release|x86
		{55B98DB2-92B0-4E04-9DE3-574684D3278D}.Debug|Any CPU.ActiveCfg = Debug|Any CPU
		{55B98DB2-92B0-4E04-9DE3-574684D3278D}.Debug|Any CPU.Build.0 = Debug|Any CPU
		{55B98DB2-92B0-4E04-9DE3-574684D3278D}.Debug|x86.ActiveCfg = Debug|x86
		{55B98DB2-92B0-4E04-9DE3-574684D3278D}.Debug|x86.Build.0 = Debug|x86
		{55B98DB2-92B0-4E04-9DE3-574684D3278D}.KINGVIEW|Any CPU.ActiveCfg = KINGVIEW|Any CPU
		{55B98DB2-92B0-4E04-9DE3-574684D3278D}.KINGVIEW|Any CPU.Build.0 = KINGVIEW|Any CPU
		{55B98DB2-92B0-4E04-9DE3-574684D3278D}.KINGVIEW|x86.ActiveCfg = KINGVIEW|x86
		{55B98DB2-92B0-4E04-9DE3-574684D3278D}.KINGVIEW|x86.Build.0 = KINGVIEW|x86
		{55B98DB2-92B0-4E04-9DE3-574684D3278D}.Release|Any CPU.ActiveCfg = Release|Any CPU
		{55B98DB2-92B0-4E04-9DE3-574684D3278D}.Release|Any CPU.Build.0 = Release|Any CPU
		{55B98DB2-92B0-4E04-9DE3-574684D3278D}.Release|x86.ActiveCfg = Release|x86
		{55B98DB2-92B0-4E04-9DE3-574684D3278D}.Release|x86.Build.0 = Release|x86
	EndGlobalSection
	GlobalSection(SolutionProperties) = preSolution
		HideSolutionNode = FALSE
	EndGlobalSection
	GlobalSection(NestedProjects) = preSolution
		{6716CCD7-DF0C-41E9-8EC5-45102802BCAA} = {12B47E36-9E37-45DF-9788-33CF7A829D76}
		{46F2BA8E-AC7E-45B5-B8E3-C270F7880C98} = {FB3A36BE-B93F-424F-B944-89978475B642}
		{8EAFF20B-FF3E-41EB-AD2A-2AFDE4340A1E} = {CB32D8E3-50FC-4682-950C-F0F36E913D34}
		{10ED8B5D-9CC2-41D3-B4AC-9CA5705C0E3F} = {5115B23A-C57C-4C8E-A668-26D3599EB41E}
		{F8F39B43-5901-4971-B621-AB4BD9CD41C0} = {5115B23A-C57C-4C8E-A668-26D3599EB41E}
		{55B98DB2-92B0-4E04-9DE3-574684D3278D} = {CB32D8E3-50FC-4682-950C-F0F36E913D34}
	EndGlobalSection
	GlobalSection(ExtensibilityGlobals) = postSolution
		SolutionGuid = {DD967DFD-0A08-4667-A058-7120C080A995}
	EndGlobalSection
EndGlobal
